{
  "name": "reactjs-express-generator",
  "version": "1.0.0",
  "lockfileVersion": 1,
  "requires": true,
  "dependencies": {
    "colors": {
      "version": "1.1.2",
      "resolved": "https://registry.npmjs.org/colors/-/colors-1.1.2.tgz",
      "integrity": "sha1-FopHAXVran9RoSzgyXv6KMCE7WM=",
      "dev": true
    },
    "copy-dir": {
      "version": "0.3.0",
      "resolved": "https://registry.npmjs.org/copy-dir/-/copy-dir-0.3.0.tgz",
      "integrity": "sha1-3rLcL6nJKQ7UfIQVWpmabUX1o1g=",
      "dev": true,
      "requires": {
        "mkdir-p": "0.0.7"
      }
    },
    "current-dir": {
      "version": "1.0.0",
      "resolved": "https://registry.npmjs.org/current-dir/-/current-dir-1.0.0.tgz",
      "integrity": "sha1-rPdg/fywq33uyAsdbZQcpb/MY8U=",
      "dev": true
    },
    "file-match": {
      "version": "1.0.2",
      "resolved": "https://registry.npmjs.org/file-match/-/file-match-1.0.2.tgz",
      "integrity": "sha1-ycrSZdLIrfOoFHWw30dYWQafrvc=",
      "requires": {
        "utils-extend": "1.0.8"
      }
    },
    "file-system": {
      "version": "2.2.2",
      "resolved": "https://registry.npmjs.org/file-system/-/file-system-2.2.2.tgz",
      "integrity": "sha1-fWWDPjojR9zZVqgTxncVPtPt2Yc=",
      "requires": {
        "file-match": "1.0.2",
        "utils-extend": "1.0.8"
      }
    },
    "mkdir-p": {
      "version": "0.0.7",
      "resolved": "https://registry.npmjs.org/mkdir-p/-/mkdir-p-0.0.7.tgz",
      "integrity": "sha1-JMXb4m2jqZ7xWKHu+aXC3Z3laDw=",
      "dev": true
    },
    "package.loader": {
      "version": "0.4.1",
      "resolved": "https://registry.npmjs.org/package.loader/-/package.loader-0.4.1.tgz",
      "integrity": "sha1-fCMnr1a98INqi7MdV8LGlBFKVQY=",
      "dev": true,
      "requires": {
        "clone": "1.0.2"
      },
      "dependencies": {
        "clone": {
          "version": "1.0.2",
          "resolved": "https://registry.npmjs.org/clone/-/clone-1.0.2.tgz",
          "integrity": "sha1-Jgt6meux7f4kdTgXX3gyQ8sZ0Uk=",
          "dev": true
        }
      }
    },
    "package.root": {
      "version": "1.0.3",
      "resolved": "https://registry.npmjs.org/package.root/-/package.root-1.0.3.tgz",
      "integrity": "sha1-7ildFmgiAxDqEhW3ZqStWLe5qbc=",
      "dev": true,
      "requires": {
        "package.loader": "0.4.1"
      }
    },
    "utils-extend": {
      "version": "1.0.8",
      "resolved": "https://registry.npmjs.org/utils-extend/-/utils-extend-1.0.8.tgz",
      "integrity": "sha1-zP17ZFQPjpDuIe7Fd2nQZRyril8="
    }
  }
}
